// !$*UTF8*$!
{
	archiveVersion = 1;
	classes = {
	};
	objectVersion = 46;
	objects = {

/* Begin PBXBuildFile section */
		0601FF971499BC950049A768 /* PreferencesWindow.xib in Resources */ = {isa = PBXBuildFile; fileRef = 0601FF961499BC950049A768 /* PreferencesWindow.xib */; };
		0601FF9B1499BCB70049A768 /* PreferencesWindowController.m in Sources */ = {isa = PBXBuildFile; fileRef = 0601FF9A1499BCB70049A768 /* PreferencesWindowController.m */; };
		063282361499C2FC00ACD725 /* ConfigManager.m in Sources */ = {isa = PBXBuildFile; fileRef = 063282351499C2FC00ACD725 /* ConfigManager.m */; };
		0632823D1499E08600ACD725 /* Carbon.framework in Frameworks */ = {isa = PBXBuildFile; fileRef = 0632823C1499E08600ACD725 /* Carbon.framework */; };
		063919D4149D9D2C005E255E /* VariableValue.m in Sources */ = {isa = PBXBuildFile; fileRef = 063919D3149D9D2C005E255E /* VariableValue.m */; };
		066ED944149DD9B30092484B /* VirtualMemoryAddress.m in Sources */ = {isa = PBXBuildFile; fileRef = 066ED943149DD9B30092484B /* VirtualMemoryAddress.m */; };
		06C9B193149C0D3B0076AE15 /* FortunateSon.defs in Sources */ = {isa = PBXBuildFile; fileRef = 06C9B18F149C0D3B0076AE15 /* FortunateSon.defs */; settings = {ATTRIBUTES = (Server, ); }; };
		06C9B194149C0D3B0076AE15 /* FortunateSonServerImpl.c in Sources */ = {isa = PBXBuildFile; fileRef = 06C9B191149C0D3B0076AE15 /* FortunateSonServerImpl.c */; };
		06C9B195149C0D3B0076AE15 /* main.cpp in Sources */ = {isa = PBXBuildFile; fileRef = 06C9B192149C0D3B0076AE15 /* main.cpp */; };
		06C9B197149C10E60076AE15 /* FortunateSon.defs in Sources */ = {isa = PBXBuildFile; fileRef = 06C9B18F149C0D3B0076AE15 /* FortunateSon.defs */; };
		06C9B19C149C312F0076AE15 /* PrivilegedHelperConnection.m in Sources */ = {isa = PBXBuildFile; fileRef = 06C9B19B149C312F0076AE15 /* PrivilegedHelperConnection.m */; settings = {COMPILER_FLAGS = "-fno-objc-arc"; }; };
		06C9B19E149C32EC0076AE15 /* ServiceManagement.framework in Frameworks */ = {isa = PBXBuildFile; fileRef = 06C9B19D149C32EC0076AE15 /* ServiceManagement.framework */; };
		06C9B1A0149C34FB0076AE15 /* com.github.xlc.iHaxGamez.PrivilegedHelper in CopyFiles */ = {isa = PBXBuildFile; fileRef = 06C9B17F149C0C710076AE15 /* com.github.xlc.iHaxGamez.PrivilegedHelper */; };
		06FA416D1499F06F0099D483 /* MainWindowController.xib in Resources */ = {isa = PBXBuildFile; fileRef = 06FA416C1499F06F0099D483 /* MainWindowController.xib */; };
		06FA41A8149B2EF80099D483 /* MLogger.c in Sources */ = {isa = PBXBuildFile; fileRef = 06FA41A7149B2EF80099D483 /* MLogger.c */; };
		06FF499C1498A85C005753CE /* AudioToolbox.framework in Frameworks */ = {isa = PBXBuildFile; fileRef = 06FF499B1498A85C005753CE /* AudioToolbox.framework */; };
		1DDD582D0DA1D0D100B32029 /* MainMenu.xib in Resources */ = {isa = PBXBuildFile; fileRef = 1DDD582A0DA1D0D100B32029 /* MainMenu.xib */; };
		5B26614611980D26000AA8BB /* iHaxGamez.icns in Resources */ = {isa = PBXBuildFile; fileRef = 5B26614511980D26000AA8BB /* iHaxGamez.icns */; };
		5B8F6F27113CA4D80097B6AE /* SearchWindow.xib in Resources */ = {isa = PBXBuildFile; fileRef = 5B8F6F25113CA4D80097B6AE /* SearchWindow.xib */; };
		5B8F6F30113CA5CF0097B6AE /* MainWindowController.m in Sources */ = {isa = PBXBuildFile; fileRef = 5B8F6F29113CA5CF0097B6AE /* MainWindowController.m */; };
		5B8F6F31113CA5CF0097B6AE /* MemoryAccess.m in Sources */ = {isa = PBXBuildFile; fileRef = 5B8F6F2B113CA5CF0097B6AE /* MemoryAccess.m */; };
		5B8F6F32113CA5CF0097B6AE /* MyTableView.m in Sources */ = {isa = PBXBuildFile; fileRef = 5B8F6F2D113CA5CF0097B6AE /* MyTableView.m */; };
		5B8F6F33113CA5CF0097B6AE /* SearchWindowController.m in Sources */ = {isa = PBXBuildFile; fileRef = 5B8F6F2F113CA5CF0097B6AE /* SearchWindowController.m */; };
		5B8F6F35113CA61F0097B6AE /* Security.framework in Frameworks */ = {isa = PBXBuildFile; fileRef = 5B8F6F34113CA61F0097B6AE /* Security.framework */; };
		5B8F6F37113CA61F0097B6AE /* SecurityFoundation.framework in Frameworks */ = {isa = PBXBuildFile; fileRef = 5B8F6F36113CA61F0097B6AE /* SecurityFoundation.framework */; };
		5B8F6F90113CAA190097B6AE /* AppController.m in Sources */ = {isa = PBXBuildFile; fileRef = 5B8F6F24113CA4490097B6AE /* AppController.m */; };
		5B8F6F91113CAA1A0097B6AE /* AppAddressDataSource.m in Sources */ = {isa = PBXBuildFile; fileRef = 5B8F6F22113CA4490097B6AE /* AppAddressDataSource.m */; };
		5B8F6F92113CAA1B0097B6AE /* AppAddressData.m in Sources */ = {isa = PBXBuildFile; fileRef = 5B8F6F20113CA4490097B6AE /* AppAddressData.m */; };
		5B8F6FA4113CAAFF0097B6AE /* License.txt in Resources */ = {isa = PBXBuildFile; fileRef = 5B8F6FA3113CAAFF0097B6AE /* License.txt */; };
		8D15AC2F0486D014006FF6A4 /* InfoPlist.strings in Resources */ = {isa = PBXBuildFile; fileRef = 089C165FFE840EACC02AAC07 /* InfoPlist.strings */; };
		8D15AC320486D014006FF6A4 /* main.m in Sources */ = {isa = PBXBuildFile; fileRef = 2A37F4B0FDCFA73011CA2CEA /* main.m */; settings = {ATTRIBUTES = (); }; };
		8D15AC340486D014006FF6A4 /* Cocoa.framework in Frameworks */ = {isa = PBXBuildFile; fileRef = 1058C7A7FEA54F5311CA2CBB /* Cocoa.framework */; };
/* End PBXBuildFile section */

/* Begin PBXContainerItemProxy section */
		069094DC149C99E2009B1C58 /* PBXContainerItemProxy */ = {
			isa = PBXContainerItemProxy;
			containerPortal = 06FA41AB149B50980099D483 /* HexFiend_2.xcodeproj */;
			proxyType = 2;
			remoteGlobalIDString = 8D1107320486CEB800E47090;
			remoteInfo = HexFiend_2;
		};
		069094DE149C99E2009B1C58 /* PBXContainerItemProxy */ = {
			isa = PBXContainerItemProxy;
			containerPortal = 06FA41AB149B50980099D483 /* HexFiend_2.xcodeproj */;
			proxyType = 2;
			remoteGlobalIDString = D01E7BB80CDC530C00943F9E;
			remoteInfo = HexFiend_Framework;
		};
		069094E0149C99E2009B1C58 /* PBXContainerItemProxy */ = {
			isa = PBXContainerItemProxy;
			containerPortal = 06FA41AB149B50980099D483 /* HexFiend_2.xcodeproj */;
			proxyType = 2;
			remoteGlobalIDString = D047E3151022CEFE00EF307B;
			remoteInfo = "FortunateSon (PrivilegedHelper)";
		};
		069094E2149C99E2009B1C58 /* PBXContainerItemProxy */ = {
			isa = PBXContainerItemProxy;
			containerPortal = 06FA41AB149B50980099D483 /* HexFiend_2.xcodeproj */;
			proxyType = 2;
			remoteGlobalIDString = D06D60100FA69B26002376EE;
			remoteInfo = Test_BTree;
		};
		069094E4149C99E2009B1C58 /* PBXContainerItemProxy */ = {
			isa = PBXContainerItemProxy;
			containerPortal = 06FA41AB149B50980099D483 /* HexFiend_2.xcodeproj */;
			proxyType = 2;
			remoteGlobalIDString = D00C15E50FF091FF006D021F;
			remoteInfo = HexFiendling;
		};
		06C9B1A1149C35030076AE15 /* PBXContainerItemProxy */ = {
			isa = PBXContainerItemProxy;
			containerPortal = 2A37F4A9FDCFA73011CA2CEA /* Project object */;
			proxyType = 1;
			remoteGlobalIDString = 06C9B17E149C0C710076AE15;
			remoteInfo = FortunateSon;
		};
/* End PBXContainerItemProxy section */

/* Begin PBXCopyFilesBuildPhase section */
		06C9B19F149C34E80076AE15 /* CopyFiles */ = {
			isa = PBXCopyFilesBuildPhase;
			buildActionMask = 2147483647;
			dstPath = Contents/Library/LaunchServices;
			dstSubfolderSpec = 1;
			files = (
				06C9B1A0149C34FB0076AE15 /* com.github.xlc.iHaxGamez.PrivilegedHelper in CopyFiles */,
			);
			runOnlyForDeploymentPostprocessing = 0;
		};
		06FA41C9149B51210099D483 /* CopyFiles */ = {
			isa = PBXCopyFilesBuildPhase;
			buildActionMask = 2147483647;
			dstPath = "";
			dstSubfolderSpec = 10;
			files = (
			);
			runOnlyForDeploymentPostprocessing = 0;
		};
/* End PBXCopyFilesBuildPhase section */

/* Begin PBXFileReference section */
		0601FF961499BC950049A768 /* PreferencesWindow.xib */ = {isa = PBXFileReference; fileEncoding = 4; lastKnownFileType = file.xib; path = PreferencesWindow.xib; sourceTree = "<group>"; };
		0601FF991499BCB70049A768 /* PreferencesWindowController.h */ = {isa = PBXFileReference; fileEncoding = 4; lastKnownFileType = sourcecode.c.h; path = PreferencesWindowController.h; sourceTree = "<group>"; };
		0601FF9A1499BCB70049A768 /* PreferencesWindowController.m */ = {isa = PBXFileReference; fileEncoding = 4; lastKnownFileType = sourcecode.c.objc; path = PreferencesWindowController.m; sourceTree = "<group>"; };
		063282341499C2FC00ACD725 /* ConfigManager.h */ = {isa = PBXFileReference; fileEncoding = 4; lastKnownFileType = sourcecode.c.h; path = ConfigManager.h; sourceTree = "<group>"; };
		063282351499C2FC00ACD725 /* ConfigManager.m */ = {isa = PBXFileReference; fileEncoding = 4; lastKnownFileType = sourcecode.c.objc; path = ConfigManager.m; sourceTree = "<group>"; };
		0632823C1499E08600ACD725 /* Carbon.framework */ = {isa = PBXFileReference; lastKnownFileType = wrapper.framework; name = Carbon.framework; path = System/Library/Frameworks/Carbon.framework; sourceTree = SDKROOT; };
		063919D2149D9D2C005E255E /* VariableValue.h */ = {isa = PBXFileReference; fileEncoding = 4; lastKnownFileType = sourcecode.c.h; path = VariableValue.h; sourceTree = "<group>"; };
		063919D3149D9D2C005E255E /* VariableValue.m */ = {isa = PBXFileReference; fileEncoding = 4; lastKnownFileType = sourcecode.c.objc; path = VariableValue.m; sourceTree = "<group>"; };
		066ED942149DD9B30092484B /* VirtualMemoryAddress.h */ = {isa = PBXFileReference; fileEncoding = 4; lastKnownFileType = sourcecode.c.h; path = VirtualMemoryAddress.h; sourceTree = "<group>"; };
		066ED943149DD9B30092484B /* VirtualMemoryAddress.m */ = {isa = PBXFileReference; fileEncoding = 4; lastKnownFileType = sourcecode.c.objc; path = VirtualMemoryAddress.m; sourceTree = "<group>"; };
		06C9B17F149C0C710076AE15 /* com.github.xlc.iHaxGamez.PrivilegedHelper */ = {isa = PBXFileReference; explicitFileType = "compiled.mach-o.executable"; includeInIndex = 0; path = com.github.xlc.iHaxGamez.PrivilegedHelper; sourceTree = BUILT_PRODUCTS_DIR; };
		06C9B18D149C0D3B0076AE15 /* FortunateSon-Info.plist */ = {isa = PBXFileReference; fileEncoding = 4; lastKnownFileType = text.plist.xml; path = "FortunateSon-Info.plist"; sourceTree = "<group>"; };
		06C9B18E149C0D3B0076AE15 /* FortunateSon-Launchd.plist */ = {isa = PBXFileReference; fileEncoding = 4; lastKnownFileType = text.plist.xml; path = "FortunateSon-Launchd.plist"; sourceTree = "<group>"; };
		06C9B18F149C0D3B0076AE15 /* FortunateSon.defs */ = {isa = PBXFileReference; fileEncoding = 4; lastKnownFileType = sourcecode.mig; path = FortunateSon.defs; sourceTree = "<group>"; };
		06C9B191149C0D3B0076AE15 /* FortunateSonServerImpl.c */ = {isa = PBXFileReference; fileEncoding = 4; lastKnownFileType = sourcecode.c.c; path = FortunateSonServerImpl.c; sourceTree = "<group>"; };
		06C9B192149C0D3B0076AE15 /* main.cpp */ = {isa = PBXFileReference; fileEncoding = 4; lastKnownFileType = sourcecode.cpp.cpp; path = main.cpp; sourceTree = "<group>"; };
		06C9B199149C11EC0076AE15 /* HelperProcessSharedCode.h */ = {isa = PBXFileReference; fileEncoding = 4; lastKnownFileType = sourcecode.c.h; path = HelperProcessSharedCode.h; sourceTree = "<group>"; };
		06C9B19A149C312F0076AE15 /* PrivilegedHelperConnection.h */ = {isa = PBXFileReference; fileEncoding = 4; lastKnownFileType = sourcecode.c.h; path = PrivilegedHelperConnection.h; sourceTree = "<group>"; };
		06C9B19B149C312F0076AE15 /* PrivilegedHelperConnection.m */ = {isa = PBXFileReference; fileEncoding = 4; lastKnownFileType = sourcecode.c.objc; path = PrivilegedHelperConnection.m; sourceTree = "<group>"; };
		06C9B19D149C32EC0076AE15 /* ServiceManagement.framework */ = {isa = PBXFileReference; lastKnownFileType = wrapper.framework; name = ServiceManagement.framework; path = System/Library/Frameworks/ServiceManagement.framework; sourceTree = SDKROOT; };
		06F2D7C5149C92EC00FDF516 /* FortunateSonIPCTypes.h */ = {isa = PBXFileReference; fileEncoding = 4; lastKnownFileType = sourcecode.c.h; path = FortunateSonIPCTypes.h; sourceTree = "<group>"; };
		06FA416C1499F06F0099D483 /* MainWindowController.xib */ = {isa = PBXFileReference; fileEncoding = 4; lastKnownFileType = file.xib; path = MainWindowController.xib; sourceTree = "<group>"; };
		06FA4170149B17900099D483 /* MLogger.h */ = {isa = PBXFileReference; fileEncoding = 4; lastKnownFileType = sourcecode.c.h; path = MLogger.h; sourceTree = "<group>"; };
		06FA41A7149B2EF80099D483 /* MLogger.c */ = {isa = PBXFileReference; fileEncoding = 4; lastKnownFileType = sourcecode.c.c; path = MLogger.c; sourceTree = "<group>"; };
		06FA41AB149B50980099D483 /* HexFiend_2.xcodeproj */ = {isa = PBXFileReference; lastKnownFileType = "wrapper.pb-project"; name = HexFiend_2.xcodeproj; path = ../lib/HexFiend/HexFiend_2.xcodeproj; sourceTree = "<group>"; };
		06FF499B1498A85C005753CE /* AudioToolbox.framework */ = {isa = PBXFileReference; lastKnownFileType = wrapper.framework; name = AudioToolbox.framework; path = System/Library/Frameworks/AudioToolbox.framework; sourceTree = SDKROOT; };
		089C1660FE840EACC02AAC07 /* English */ = {isa = PBXFileReference; fileEncoding = 4; lastKnownFileType = text.plist.strings; name = English; path = English.lproj/InfoPlist.strings; sourceTree = "<group>"; };
		1058C7A7FEA54F5311CA2CBB /* Cocoa.framework */ = {isa = PBXFileReference; lastKnownFileType = wrapper.framework; name = Cocoa.framework; path = /System/Library/Frameworks/Cocoa.framework; sourceTree = "<absolute>"; };
		13E42FBA07B3F13500E4EEF1 /* CoreData.framework */ = {isa = PBXFileReference; lastKnownFileType = wrapper.framework; name = CoreData.framework; path = /System/Library/Frameworks/CoreData.framework; sourceTree = "<absolute>"; };
		1DDD582B0DA1D0D100B32029 /* English */ = {isa = PBXFileReference; lastKnownFileType = file.xib; name = English; path = English.lproj/MainMenu.xib; sourceTree = "<group>"; };
		2564AD2C0F5327BB00F57823 /* iHaxGamez_Prefix.pch */ = {isa = PBXFileReference; fileEncoding = 4; lastKnownFileType = sourcecode.c.h; path = iHaxGamez_Prefix.pch; sourceTree = "<group>"; };
		2A37F4B0FDCFA73011CA2CEA /* main.m */ = {isa = PBXFileReference; fileEncoding = 4; lastKnownFileType = sourcecode.c.objc; path = main.m; sourceTree = "<group>"; };
		2A37F4C4FDCFA73011CA2CEA /* AppKit.framework */ = {isa = PBXFileReference; lastKnownFileType = wrapper.framework; name = AppKit.framework; path = /System/Library/Frameworks/AppKit.framework; sourceTree = "<absolute>"; };
		2A37F4C5FDCFA73011CA2CEA /* Foundation.framework */ = {isa = PBXFileReference; lastKnownFileType = wrapper.framework; name = Foundation.framework; path = /System/Library/Frameworks/Foundation.framework; sourceTree = "<absolute>"; };
		5B26614511980D26000AA8BB /* iHaxGamez.icns */ = {isa = PBXFileReference; lastKnownFileType = image.icns; path = iHaxGamez.icns; sourceTree = "<group>"; };
		5B8F6F1F113CA4490097B6AE /* AppAddressData.h */ = {isa = PBXFileReference; lastKnownFileType = sourcecode.c.h; path = AppAddressData.h; sourceTree = "<group>"; };
		5B8F6F20113CA4490097B6AE /* AppAddressData.m */ = {isa = PBXFileReference; lastKnownFileType = sourcecode.c.objc; path = AppAddressData.m; sourceTree = "<group>"; };
		5B8F6F21113CA4490097B6AE /* AppAddressDataSource.h */ = {isa = PBXFileReference; lastKnownFileType = sourcecode.c.h; path = AppAddressDataSource.h; sourceTree = "<group>"; };
		5B8F6F22113CA4490097B6AE /* AppAddressDataSource.m */ = {isa = PBXFileReference; lastKnownFileType = sourcecode.c.objc; path = AppAddressDataSource.m; sourceTree = "<group>"; };
		5B8F6F23113CA4490097B6AE /* AppController.h */ = {isa = PBXFileReference; lastKnownFileType = sourcecode.c.h; path = AppController.h; sourceTree = "<group>"; };
		5B8F6F24113CA4490097B6AE /* AppController.m */ = {isa = PBXFileReference; lastKnownFileType = sourcecode.c.objc; path = AppController.m; sourceTree = "<group>"; };
		5B8F6F26113CA4D80097B6AE /* English */ = {isa = PBXFileReference; lastKnownFileType = file.xib; name = English; path = English.lproj/SearchWindow.xib; sourceTree = "<group>"; };
		5B8F6F28113CA5CF0097B6AE /* MainWindowController.h */ = {isa = PBXFileReference; fileEncoding = 4; lastKnownFileType = sourcecode.c.h; path = MainWindowController.h; sourceTree = "<group>"; };
		5B8F6F29113CA5CF0097B6AE /* MainWindowController.m */ = {isa = PBXFileReference; fileEncoding = 4; lastKnownFileType = sourcecode.c.objc; path = MainWindowController.m; sourceTree = "<group>"; };
		5B8F6F2A113CA5CF0097B6AE /* MemoryAccess.h */ = {isa = PBXFileReference; fileEncoding = 4; lastKnownFileType = sourcecode.c.h; path = MemoryAccess.h; sourceTree = "<group>"; };
		5B8F6F2B113CA5CF0097B6AE /* MemoryAccess.m */ = {isa = PBXFileReference; fileEncoding = 4; lastKnownFileType = sourcecode.c.objc; path = MemoryAccess.m; sourceTree = "<group>"; };
		5B8F6F2C113CA5CF0097B6AE /* MyTableView.h */ = {isa = PBXFileReference; fileEncoding = 4; lastKnownFileType = sourcecode.c.h; path = MyTableView.h; sourceTree = "<group>"; };
		5B8F6F2D113CA5CF0097B6AE /* MyTableView.m */ = {isa = PBXFileReference; fileEncoding = 4; lastKnownFileType = sourcecode.c.objc; path = MyTableView.m; sourceTree = "<group>"; };
		5B8F6F2E113CA5CF0097B6AE /* SearchWindowController.h */ = {isa = PBXFileReference; fileEncoding = 4; lastKnownFileType = sourcecode.c.h; path = SearchWindowController.h; sourceTree = "<group>"; };
		5B8F6F2F113CA5CF0097B6AE /* SearchWindowController.m */ = {isa = PBXFileReference; fileEncoding = 4; lastKnownFileType = sourcecode.c.objc; path = SearchWindowController.m; sourceTree = "<group>"; };
		5B8F6F34113CA61F0097B6AE /* Security.framework */ = {isa = PBXFileReference; lastKnownFileType = wrapper.framework; name = Security.framework; path = System/Library/Frameworks/Security.framework; sourceTree = SDKROOT; };
		5B8F6F36113CA61F0097B6AE /* SecurityFoundation.framework */ = {isa = PBXFileReference; lastKnownFileType = wrapper.framework; name = SecurityFoundation.framework; path = System/Library/Frameworks/SecurityFoundation.framework; sourceTree = SDKROOT; };
		5B8F6FA3113CAAFF0097B6AE /* License.txt */ = {isa = PBXFileReference; fileEncoding = 4; lastKnownFileType = text; path = License.txt; sourceTree = "<group>"; };
		8D15AC360486D014006FF6A4 /* iHaxGamez-Info.plist */ = {isa = PBXFileReference; fileEncoding = 4; lastKnownFileType = text.plist.xml; path = "iHaxGamez-Info.plist"; sourceTree = "<group>"; };
		8D15AC370486D014006FF6A4 /* iHaxGamez.app */ = {isa = PBXFileReference; explicitFileType = wrapper.application; includeInIndex = 0; path = iHaxGamez.app; sourceTree = BUILT_PRODUCTS_DIR; };
/* End PBXFileReference section */

/* Begin PBXFrameworksBuildPhase section */
		06C9B17C149C0C710076AE15 /* Frameworks */ = {
			isa = PBXFrameworksBuildPhase;
			buildActionMask = 2147483647;
			files = (
			);
			runOnlyForDeploymentPostprocessing = 0;
		};
		8D15AC330486D014006FF6A4 /* Frameworks */ = {
			isa = PBXFrameworksBuildPhase;
			buildActionMask = 2147483647;
			files = (
				06C9B19E149C32EC0076AE15 /* ServiceManagement.framework in Frameworks */,
				0632823D1499E08600ACD725 /* Carbon.framework in Frameworks */,
				06FF499C1498A85C005753CE /* AudioToolbox.framework in Frameworks */,
				8D15AC340486D014006FF6A4 /* Cocoa.framework in Frameworks */,
				5B8F6F35113CA61F0097B6AE /* Security.framework in Frameworks */,
				5B8F6F37113CA61F0097B6AE /* SecurityFoundation.framework in Frameworks */,
			);
			runOnlyForDeploymentPostprocessing = 0;
		};
/* End PBXFrameworksBuildPhase section */

/* Begin PBXGroup section */
		0601FF9C1499BCBD0049A768 /* PerferencesWindowController */ = {
			isa = PBXGroup;
			children = (
				0601FF991499BCB70049A768 /* PreferencesWindowController.h */,
				0601FF9A1499BCB70049A768 /* PreferencesWindowController.m */,
				0601FF961499BC950049A768 /* PreferencesWindow.xib */,
				063282341499C2FC00ACD725 /* ConfigManager.h */,
				063282351499C2FC00ACD725 /* ConfigManager.m */,
			);
			name = PerferencesWindowController;
			sourceTree = "<group>";
		};
		069094D4149C99E2009B1C58 /* Products */ = {
			isa = PBXGroup;
			children = (
				069094DD149C99E2009B1C58 /* Hex Fiend.app */,
				069094DF149C99E2009B1C58 /* HexFiend.framework */,
				069094E1149C99E2009B1C58 /* com.ridiculousfish.HexFiend.PrivilegedHelper */,
				069094E3149C99E2009B1C58 /* Test_BTree */,
				069094E5149C99E2009B1C58 /* HexFiendling.app */,
			);
			name = Products;
			sourceTree = "<group>";
		};
		06C9B18C149C0D3B0076AE15 /* PrivilegedHelper */ = {
			isa = PBXGroup;
			children = (
				06C9B18D149C0D3B0076AE15 /* FortunateSon-Info.plist */,
				06C9B18E149C0D3B0076AE15 /* FortunateSon-Launchd.plist */,
				06C9B18F149C0D3B0076AE15 /* FortunateSon.defs */,
				06F2D7C5149C92EC00FDF516 /* FortunateSonIPCTypes.h */,
				06C9B191149C0D3B0076AE15 /* FortunateSonServerImpl.c */,
				06C9B192149C0D3B0076AE15 /* main.cpp */,
			);
			name = PrivilegedHelper;
			path = helper_subprocess;
			sourceTree = "<group>";
		};
		06C9B198149C114B0076AE15 /* PrivilegedHelperConnection */ = {
			isa = PBXGroup;
			children = (
				06C9B199149C11EC0076AE15 /* HelperProcessSharedCode.h */,
				06C9B19A149C312F0076AE15 /* PrivilegedHelperConnection.h */,
				06C9B19B149C312F0076AE15 /* PrivilegedHelperConnection.m */,
			);
			name = PrivilegedHelperConnection;
			sourceTree = "<group>";
		};
		06FA416B1499F0590099D483 /* MainWindowController */ = {
			isa = PBXGroup;
			children = (
				5B8F6F28113CA5CF0097B6AE /* MainWindowController.h */,
				5B8F6F29113CA5CF0097B6AE /* MainWindowController.m */,
				06FA416C1499F06F0099D483 /* MainWindowController.xib */,
			);
			name = MainWindowController;
			sourceTree = "<group>";
		};
		06FA41A9149B43D40099D483 /* SearchWindowController */ = {
			isa = PBXGroup;
			children = (
				5B8F6F2E113CA5CF0097B6AE /* SearchWindowController.h */,
				5B8F6F2F113CA5CF0097B6AE /* SearchWindowController.m */,
				5B8F6F25113CA4D80097B6AE /* SearchWindow.xib */,
				5B8F6F2C113CA5CF0097B6AE /* MyTableView.h */,
				5B8F6F2D113CA5CF0097B6AE /* MyTableView.m */,
				5B8F6F1F113CA4490097B6AE /* AppAddressData.h */,
				5B8F6F20113CA4490097B6AE /* AppAddressData.m */,
				5B8F6F21113CA4490097B6AE /* AppAddressDataSource.h */,
				5B8F6F22113CA4490097B6AE /* AppAddressDataSource.m */,
			);
			name = SearchWindowController;
			sourceTree = "<group>";
		};
		06FA41AA149B43F60099D483 /* MemoryAccess */ = {
			isa = PBXGroup;
			children = (
				5B8F6F2A113CA5CF0097B6AE /* MemoryAccess.h */,
				5B8F6F2B113CA5CF0097B6AE /* MemoryAccess.m */,
				063919D2149D9D2C005E255E /* VariableValue.h */,
				063919D3149D9D2C005E255E /* VariableValue.m */,
				066ED942149DD9B30092484B /* VirtualMemoryAddress.h */,
				066ED943149DD9B30092484B /* VirtualMemoryAddress.m */,
			);
			name = MemoryAccess;
			sourceTree = "<group>";
		};
		1058C7A6FEA54F5311CA2CBB /* Linked Frameworks */ = {
			isa = PBXGroup;
			children = (
				06C9B19D149C32EC0076AE15 /* ServiceManagement.framework */,
				0632823C1499E08600ACD725 /* Carbon.framework */,
				06FF499B1498A85C005753CE /* AudioToolbox.framework */,
				1058C7A7FEA54F5311CA2CBB /* Cocoa.framework */,
				5B8F6F36113CA61F0097B6AE /* SecurityFoundation.framework */,
				5B8F6F34113CA61F0097B6AE /* Security.framework */,
			);
			name = "Linked Frameworks";
			sourceTree = "<group>";
		};
		1058C7A8FEA54F5311CA2CBB /* Other Frameworks */ = {
			isa = PBXGroup;
			children = (
				2A37F4C4FDCFA73011CA2CEA /* AppKit.framework */,
				13E42FBA07B3F13500E4EEF1 /* CoreData.framework */,
				2A37F4C5FDCFA73011CA2CEA /* Foundation.framework */,
			);
			name = "Other Frameworks";
			sourceTree = "<group>";
		};
		19C28FB0FE9D524F11CA2CBB /* Products */ = {
			isa = PBXGroup;
			children = (
				8D15AC370486D014006FF6A4 /* iHaxGamez.app */,
				06C9B17F149C0C710076AE15 /* com.github.xlc.iHaxGamez.PrivilegedHelper */,
			);
			name = Products;
			sourceTree = "<group>";
		};
		2A37F4AAFDCFA73011CA2CEA /* iHaxGamez */ = {
			isa = PBXGroup;
			children = (
				2A37F4ABFDCFA73011CA2CEA /* Classes */,
				2A37F4AFFDCFA73011CA2CEA /* Other Sources */,
				2A37F4B8FDCFA73011CA2CEA /* Resources */,
				2A37F4C3FDCFA73011CA2CEA /* Frameworks */,
				19C28FB0FE9D524F11CA2CBB /* Products */,
			);
			name = iHaxGamez;
			sourceTree = "<group>";
		};
		2A37F4ABFDCFA73011CA2CEA /* Classes */ = {
			isa = PBXGroup;
			children = (
				06C9B18C149C0D3B0076AE15 /* PrivilegedHelper */,
				06C9B198149C114B0076AE15 /* PrivilegedHelperConnection */,
				0601FF9C1499BCBD0049A768 /* PerferencesWindowController */,
				06FA416B1499F0590099D483 /* MainWindowController */,
				06FA41A9149B43D40099D483 /* SearchWindowController */,
				06FA41AA149B43F60099D483 /* MemoryAccess */,
				5B8F6F23113CA4490097B6AE /* AppController.h */,
				5B8F6F24113CA4490097B6AE /* AppController.m */,
			);
			name = Classes;
			sourceTree = "<group>";
		};
		2A37F4AFFDCFA73011CA2CEA /* Other Sources */ = {
			isa = PBXGroup;
			children = (
				2564AD2C0F5327BB00F57823 /* iHaxGamez_Prefix.pch */,
				2A37F4B0FDCFA73011CA2CEA /* main.m */,
				06FA4170149B17900099D483 /* MLogger.h */,
				06FA41A7149B2EF80099D483 /* MLogger.c */,
			);
			name = "Other Sources";
			sourceTree = "<group>";
		};
		2A37F4B8FDCFA73011CA2CEA /* Resources */ = {
			isa = PBXGroup;
			children = (
				5B26614511980D26000AA8BB /* iHaxGamez.icns */,
				5B8F6FA3113CAAFF0097B6AE /* License.txt */,
				1DDD582A0DA1D0D100B32029 /* MainMenu.xib */,
				8D15AC360486D014006FF6A4 /* iHaxGamez-Info.plist */,
				089C165FFE840EACC02AAC07 /* InfoPlist.strings */,
			);
			name = Resources;
			sourceTree = "<group>";
		};
		2A37F4C3FDCFA73011CA2CEA /* Frameworks */ = {
			isa = PBXGroup;
			children = (
				06FA41AB149B50980099D483 /* HexFiend_2.xcodeproj */,
				1058C7A6FEA54F5311CA2CBB /* Linked Frameworks */,
				1058C7A8FEA54F5311CA2CBB /* Other Frameworks */,
			);
			name = Frameworks;
			sourceTree = "<group>";
		};
/* End PBXGroup section */

/* Begin PBXNativeTarget section */
		06C9B17E149C0C710076AE15 /* FortunateSon */ = {
			isa = PBXNativeTarget;
			buildConfigurationList = 06C9B186149C0C710076AE15 /* Build configuration list for PBXNativeTarget "FortunateSon" */;
			buildPhases = (
				06C9B17B149C0C710076AE15 /* Sources */,
				06C9B17C149C0C710076AE15 /* Frameworks */,
			);
			buildRules = (
			);
			dependencies = (
			);
			name = FortunateSon;
			productName = FortunateSon;
			productReference = 06C9B17F149C0C710076AE15 /* com.github.xlc.iHaxGamez.PrivilegedHelper */;
			productType = "com.apple.product-type.tool";
		};
		8D15AC270486D014006FF6A4 /* iHaxGamez */ = {
			isa = PBXNativeTarget;
			buildConfigurationList = C05733C708A9546B00998B17 /* Build configuration list for PBXNativeTarget "iHaxGamez" */;
			buildPhases = (
				06FA41C9149B51210099D483 /* CopyFiles */,
				8D15AC2B0486D014006FF6A4 /* Resources */,
				8D15AC300486D014006FF6A4 /* Sources */,
				8D15AC330486D014006FF6A4 /* Frameworks */,
				06C9B19F149C34E80076AE15 /* CopyFiles */,
			);
			buildRules = (
			);
			dependencies = (
				06C9B1A2149C35030076AE15 /* PBXTargetDependency */,
			);
			name = iHaxGamez;
			productInstallPath = "$(HOME)/Applications";
			productName = iHaxGamez;
			productReference = 8D15AC370486D014006FF6A4 /* iHaxGamez.app */;
			productType = "com.apple.product-type.application";
		};
/* End PBXNativeTarget section */

/* Begin PBXProject section */
		2A37F4A9FDCFA73011CA2CEA /* Project object */ = {
			isa = PBXProject;
			attributes = {
				LastUpgradeCheck = 0420;
				ORGANIZATIONNAME = "Xiliang Chen";
			};
			buildConfigurationList = C05733CB08A9546B00998B17 /* Build configuration list for PBXProject "iHaxGamez" */;
			compatibilityVersion = "Xcode 3.2";
			developmentRegion = English;
			hasScannedForEncodings = 1;
			knownRegions = (
				English,
				Japanese,
				French,
				German,
			);
			mainGroup = 2A37F4AAFDCFA73011CA2CEA /* iHaxGamez */;
			projectDirPath = "";
			projectReferences = (
				{
					ProductGroup = 069094D4149C99E2009B1C58 /* Products */;
					ProjectRef = 06FA41AB149B50980099D483 /* HexFiend_2.xcodeproj */;
				},
			);
			projectRoot = "";
			targets = (
				8D15AC270486D014006FF6A4 /* iHaxGamez */,
				06C9B17E149C0C710076AE15 /* FortunateSon */,
			);
		};
/* End PBXProject section */

/* Begin PBXReferenceProxy section */
		069094DD149C99E2009B1C58 /* Hex Fiend.app */ = {
			isa = PBXReferenceProxy;
			fileType = wrapper.application;
			path = "Hex Fiend.app";
			remoteRef = 069094DC149C99E2009B1C58 /* PBXContainerItemProxy */;
			sourceTree = BUILT_PRODUCTS_DIR;
		};
		069094DF149C99E2009B1C58 /* HexFiend.framework */ = {
			isa = PBXReferenceProxy;
			fileType = wrapper.framework;
			path = HexFiend.framework;
			remoteRef = 069094DE149C99E2009B1C58 /* PBXContainerItemProxy */;
			sourceTree = BUILT_PRODUCTS_DIR;
		};
		069094E1149C99E2009B1C58 /* com.ridiculousfish.HexFiend.PrivilegedHelper */ = {
			isa = PBXReferenceProxy;
			fileType = "compiled.mach-o.executable";
			path = com.ridiculousfish.HexFiend.PrivilegedHelper;
			remoteRef = 069094E0149C99E2009B1C58 /* PBXContainerItemProxy */;
			sourceTree = BUILT_PRODUCTS_DIR;
		};
		069094E3149C99E2009B1C58 /* Test_BTree */ = {
			isa = PBXReferenceProxy;
			fileType = "compiled.mach-o.executable";
			path = Test_BTree;
			remoteRef = 069094E2149C99E2009B1C58 /* PBXContainerItemProxy */;
			sourceTree = BUILT_PRODUCTS_DIR;
		};
		069094E5149C99E2009B1C58 /* HexFiendling.app */ = {
			isa = PBXReferenceProxy;
			fileType = wrapper.application;
			path = HexFiendling.app;
			remoteRef = 069094E4149C99E2009B1C58 /* PBXContainerItemProxy */;
			sourceTree = BUILT_PRODUCTS_DIR;
		};
/* End PBXReferenceProxy section */

/* Begin PBXResourcesBuildPhase section */
		8D15AC2B0486D014006FF6A4 /* Resources */ = {
			isa = PBXResourcesBuildPhase;
			buildActionMask = 2147483647;
			files = (
				8D15AC2F0486D014006FF6A4 /* InfoPlist.strings in Resources */,
				1DDD582D0DA1D0D100B32029 /* MainMenu.xib in Resources */,
				5B8F6F27113CA4D80097B6AE /* SearchWindow.xib in Resources */,
				5B8F6FA4113CAAFF0097B6AE /* License.txt in Resources */,
				5B26614611980D26000AA8BB /* iHaxGamez.icns in Resources */,
				0601FF971499BC950049A768 /* PreferencesWindow.xib in Resources */,
				06FA416D1499F06F0099D483 /* MainWindowController.xib in Resources */,
			);
			runOnlyForDeploymentPostprocessing = 0;
		};
/* End PBXResourcesBuildPhase section */

/* Begin PBXSourcesBuildPhase section */
		06C9B17B149C0C710076AE15 /* Sources */ = {
			isa = PBXSourcesBuildPhase;
			buildActionMask = 2147483647;
			files = (
				06C9B193149C0D3B0076AE15 /* FortunateSon.defs in Sources */,
				06C9B194149C0D3B0076AE15 /* FortunateSonServerImpl.c in Sources */,
				06C9B195149C0D3B0076AE15 /* main.cpp in Sources */,
			);
			runOnlyForDeploymentPostprocessing = 0;
		};
		8D15AC300486D014006FF6A4 /* Sources */ = {
			isa = PBXSourcesBuildPhase;
			buildActionMask = 2147483647;
			files = (
				8D15AC320486D014006FF6A4 /* main.m in Sources */,
				5B8F6F30113CA5CF0097B6AE /* MainWindowController.m in Sources */,
				5B8F6F31113CA5CF0097B6AE /* MemoryAccess.m in Sources */,
				5B8F6F32113CA5CF0097B6AE /* MyTableView.m in Sources */,
				5B8F6F33113CA5CF0097B6AE /* SearchWindowController.m in Sources */,
				5B8F6F90113CAA190097B6AE /* AppController.m in Sources */,
				5B8F6F91113CAA1A0097B6AE /* AppAddressDataSource.m in Sources */,
				5B8F6F92113CAA1B0097B6AE /* AppAddressData.m in Sources */,
				0601FF9B1499BCB70049A768 /* PreferencesWindowController.m in Sources */,
				063282361499C2FC00ACD725 /* ConfigManager.m in Sources */,
				06FA41A8149B2EF80099D483 /* MLogger.c in Sources */,
				06C9B197149C10E60076AE15 /* FortunateSon.defs in Sources */,
				06C9B19C149C312F0076AE15 /* PrivilegedHelperConnection.m in Sources */,
				063919D4149D9D2C005E255E /* VariableValue.m in Sources */,
				066ED944149DD9B30092484B /* VirtualMemoryAddress.m in Sources */,
			);
			runOnlyForDeploymentPostprocessing = 0;
		};
/* End PBXSourcesBuildPhase section */

/* Begin PBXTargetDependency section */
		06C9B1A2149C35030076AE15 /* PBXTargetDependency */ = {
			isa = PBXTargetDependency;
			target = 06C9B17E149C0C710076AE15 /* FortunateSon */;
			targetProxy = 06C9B1A1149C35030076AE15 /* PBXContainerItemProxy */;
		};
/* End PBXTargetDependency section */

/* Begin PBXVariantGroup section */
		089C165FFE840EACC02AAC07 /* InfoPlist.strings */ = {
			isa = PBXVariantGroup;
			children = (
				089C1660FE840EACC02AAC07 /* English */,
			);
			name = InfoPlist.strings;
			sourceTree = "<group>";
		};
		1DDD582A0DA1D0D100B32029 /* MainMenu.xib */ = {
			isa = PBXVariantGroup;
			children = (
				1DDD582B0DA1D0D100B32029 /* English */,
			);
			name = MainMenu.xib;
			sourceTree = "<group>";
		};
		5B8F6F25113CA4D80097B6AE /* SearchWindow.xib */ = {
			isa = PBXVariantGroup;
			children = (
				5B8F6F26113CA4D80097B6AE /* English */,
			);
			name = SearchWindow.xib;
			sourceTree = "<group>";
		};
/* End PBXVariantGroup section */

/* Begin XCBuildConfiguration section */
		06C9B187149C0C710076AE15 /* Debug */ = {
			isa = XCBuildConfiguration;
			buildSettings = {
				ALWAYS_SEARCH_USER_PATHS = NO;
				ARCHS = "$(ARCHS_STANDARD_64_BIT)";
				CODE_SIGN_IDENTITY = iHaxGamez;
				COPY_PHASE_STRIP = NO;
				GCC_C_LANGUAGE_STANDARD = gnu99;
				GCC_DYNAMIC_NO_PIC = NO;
				GCC_ENABLE_OBJC_EXCEPTIONS = YES;
				GCC_PREPROCESSOR_DEFINITIONS = (
					"DEBUG=1",
					"$(inherited)",
				);
				GCC_SYMBOLS_PRIVATE_EXTERN = NO;
				GCC_VERSION = com.apple.compilers.llvm.clang.1_0;
				GCC_WARN_ABOUT_MISSING_PROTOTYPES = YES;
				INFOPLIST_FILE = "helper_subprocess/FortunateSon-Info.plist";
				LIBRARY_SEARCH_PATHS = (
					"$(inherited)",
					"\"$(SDKROOT)/usr/lib/system\"",
				);
				MACOSX_DEPLOYMENT_TARGET = 10.7;
				OTHER_LDFLAGS = (
					"-sectcreate",
					__TEXT,
					__info_plist,
					"helper_subprocess/FortunateSon-Info.plist",
					"-sectcreate",
					__TEXT,
					__launchd_plist,
					"helper_subprocess/FortunateSon-Launchd.plist",
				);
				PRODUCT_NAME = com.github.xlc.iHaxGamez.PrivilegedHelper;
				PROVISIONING_PROFILE = "";
				USER_HEADER_SEARCH_PATHS = "$(SRCROOT)/../lib/HexFiend/framework/sources";
			};
			name = Debug;
		};
		06C9B188149C0C710076AE15 /* Release */ = {
			isa = XCBuildConfiguration;
			buildSettings = {
				ALWAYS_SEARCH_USER_PATHS = NO;
				ARCHS = "$(ARCHS_STANDARD_64_BIT)";
				CODE_SIGN_IDENTITY = iHaxGamez;
				COPY_PHASE_STRIP = YES;
				DEBUG_INFORMATION_FORMAT = "dwarf-with-dsym";
				GCC_C_LANGUAGE_STANDARD = gnu99;
				GCC_ENABLE_OBJC_EXCEPTIONS = YES;
				GCC_VERSION = com.apple.compilers.llvm.clang.1_0;
				GCC_WARN_ABOUT_MISSING_PROTOTYPES = YES;
				INFOPLIST_FILE = "helper_subprocess/FortunateSon-Info.plist";
				LIBRARY_SEARCH_PATHS = (
					"$(inherited)",
					"\"$(SDKROOT)/usr/lib/system\"",
				);
				MACOSX_DEPLOYMENT_TARGET = 10.7;
				OTHER_LDFLAGS = (
					"-sectcreate",
					__TEXT,
					__info_plist,
					"helper_subprocess/FortunateSon-Info.plist",
					"-sectcreate",
					__TEXT,
					__launchd_plist,
					"helper_subprocess/FortunateSon-Launchd.plist",
				);
				PRODUCT_NAME = com.github.xlc.iHaxGamez.PrivilegedHelper;
				PROVISIONING_PROFILE = "";
				USER_HEADER_SEARCH_PATHS = "$(SRCROOT)/../lib/HexFiend/framework/sources";
			};
			name = Release;
		};
		C05733C808A9546B00998B17 /* Debug */ = {
			isa = XCBuildConfiguration;
			buildSettings = {
				ALWAYS_SEARCH_USER_PATHS = NO;
				CLANG_ENABLE_OBJC_ARC = YES;
				CODE_SIGN_IDENTITY = iHaxGamez;
				COPY_PHASE_STRIP = NO;
				DEBUG_INFORMATION_FORMAT = "dwarf-with-dsym";
				GCC_DYNAMIC_NO_PIC = NO;
				GCC_OPTIMIZATION_LEVEL = 0;
				GCC_PRECOMPILE_PREFIX_HEADER = YES;
				GCC_PREFIX_HEADER = iHaxGamez_Prefix.pch;
				GCC_VERSION = com.apple.compilers.llvm.clang.1_0;
				INFOPLIST_FILE = "iHaxGamez-Info.plist";
				INSTALL_PATH = "$(HOME)/Applications";
				MACOSX_DEPLOYMENT_TARGET = 10.7;
				OTHER_CFLAGS = "-DDEBUG";
				PRODUCT_NAME = iHaxGamez;
				PROVISIONING_PROFILE = "";
				SDKROOT = macosx;
				USER_HEADER_SEARCH_PATHS = "$(SRCROOT)/../lib/HexFiend/framework/sources";
			};
			name = Debug;
		};
		C05733C908A9546B00998B17 /* Release */ = {
			isa = XCBuildConfiguration;
			buildSettings = {
				ALWAYS_SEARCH_USER_PATHS = NO;
				CLANG_ENABLE_OBJC_ARC = YES;
				CODE_SIGN_IDENTITY = iHaxGamez;
				DEBUG_INFORMATION_FORMAT = "dwarf-with-dsym";
				GCC_OPTIMIZATION_LEVEL = 3;
				GCC_PRECOMPILE_PREFIX_HEADER = YES;
				GCC_PREFIX_HEADER = iHaxGamez_Prefix.pch;
				GCC_VERSION = com.apple.compilers.llvm.clang.1_0;
				INFOPLIST_FILE = "iHaxGamez-Info.plist";
				INSTALL_PATH = "$(HOME)/Applications";
				MACOSX_DEPLOYMENT_TARGET = 10.7;
				OTHER_CFLAGS = "";
				PRODUCT_NAME = iHaxGamez;
				PROVISIONING_PROFILE = "";
				SDKROOT = macosx;
				USER_HEADER_SEARCH_PATHS = "$(SRCROOT)/../lib/HexFiend/framework/sources";
			};
			name = Release;
		};
		C05733CC08A9546B00998B17 /* Debug */ = {
			isa = XCBuildConfiguration;
			buildSettings = {
				ARCHS = "$(ARCHS_STANDARD_32_64_BIT)";
				GCC_C_LANGUAGE_STANDARD = "compiler-default";
				GCC_OPTIMIZATION_LEVEL = 0;
				GCC_VERSION = com.apple.compilers.llvmgcc42;
				GCC_WARN_64_TO_32_BIT_CONVERSION = YES;
				GCC_WARN_ABOUT_RETURN_TYPE = YES;
				GCC_WARN_SIGN_COMPARE = YES;
				GCC_WARN_UNUSED_VARIABLE = YES;
				MACOSX_DEPLOYMENT_TARGET = 10.5;
				ONLY_ACTIVE_ARCH = YES;
				SDKROOT = macosx;
			};
			name = Debug;
		};
		C05733CD08A9546B00998B17 /* Release */ = {
			isa = XCBuildConfiguration;
			buildSettings = {
				ARCHS = "$(ARCHS_STANDARD_32_64_BIT)";
				GCC_C_LANGUAGE_STANDARD = "compiler-default";
				GCC_OPTIMIZATION_LEVEL = 3;
				GCC_VERSION = com.apple.compilers.llvmgcc42;
				GCC_WARN_64_TO_32_BIT_CONVERSION = YES;
				GCC_WARN_ABOUT_RETURN_TYPE = YES;
				GCC_WARN_SIGN_COMPARE = YES;
				GCC_WARN_UNUSED_VARIABLE = YES;
				MACOSX_DEPLOYMENT_TARGET = 10.5;
				SDKROOT = macosx;
			};
			name = Release;
		};
/* End XCBuildConfiguration section */

/* Begin XCConfigurationList section */
		06C9B186149C0C710076AE15 /* Build configuration list for PBXNativeTarget "FortunateSon" */ = {
			isa = XCConfigurationList;
			buildConfigurations = (
				06C9B187149C0C710076AE15 /* Debug */,
				06C9B188149C0C710076AE15 /* Release */,
			);
			defaultConfigurationIsVisible = 0;
			defaultConfigurationName = Release;
		};
		C05733C708A9546B00998B17 /* Build configuration list for PBXNativeTarget "iHaxGamez" */ = {
			isa = XCConfigurationList;
			buildConfigurations = (
				C05733C808A9546B00998B17 /* Debug */,
				C05733C908A9546B00998B17 /* Release */,
			);
			defaultConfigurationIsVisible = 0;
			defaultConfigurationName = Release;
		};
		C05733CB08A9546B00998B17 /* Build configuration list for PBXProject "iHaxGamez" */ = {
			isa = XCConfigurationList;
			buildConfigurations = (
				C05733CC08A9546B00998B17 /* Debug */,
				C05733CD08A9546B00998B17 /* Release */,
			);
			defaultConfigurationIsVisible = 0;
			defaultConfigurationName = Release;
		};
/* End XCConfigurationList section */
	};
	rootObject = 2A37F4A9FDCFA73011CA2CEA /* Project object */;
}
