// !$*UTF8*$!
{
	archiveVersion = 1;
	classes = {
	};
	objectVersion = 42;
	objects = {

/* Begin PBXBuildFile section */
		7A3E07C00C96C35500F885A7 /* License.txt in Resources */ = {isa = PBXBuildFile; fileRef = 7A3E07BF0C96C35500F885A7 /* License.txt */; };
		7AE79E520C95CF6300E7D2B9 /* Security.framework in Frameworks */ = {isa = PBXBuildFile; fileRef = 7AE79E180C95CF6200E7D2B9 /* Security.framework */; };
		7AE79E530C95CF6300E7D2B9 /* SecurityFoundation.framework in Frameworks */ = {isa = PBXBuildFile; fileRef = 7AE79E190C95CF6200E7D2B9 /* SecurityFoundation.framework */; };
		7AFB520B0C94903C0066EBDC /* AppAddressData.m in Sources */ = {isa = PBXBuildFile; fileRef = 7AFB51FE0C94903C0066EBDC /* AppAddressData.m */; };
		7AFB520C0C94903C0066EBDC /* AppAddressDataSource.m in Sources */ = {isa = PBXBuildFile; fileRef = 7AFB52000C94903C0066EBDC /* AppAddressDataSource.m */; };
		7AFB520D0C94903C0066EBDC /* AppController.m in Sources */ = {isa = PBXBuildFile; fileRef = 7AFB52020C94903C0066EBDC /* AppController.m */; };
		7AFB520E0C94903C0066EBDC /* MainWindowController.m in Sources */ = {isa = PBXBuildFile; fileRef = 7AFB52040C94903C0066EBDC /* MainWindowController.m */; };
		7AFB520F0C94903C0066EBDC /* MemoryAccess.m in Sources */ = {isa = PBXBuildFile; fileRef = 7AFB52060C94903C0066EBDC /* MemoryAccess.m */; };
		7AFB52100C94903C0066EBDC /* MyTableView.m in Sources */ = {isa = PBXBuildFile; fileRef = 7AFB52080C94903C0066EBDC /* MyTableView.m */; };
		7AFB52110C94903C0066EBDC /* SearchWindowController.m in Sources */ = {isa = PBXBuildFile; fileRef = 7AFB520A0C94903C0066EBDC /* SearchWindowController.m */; };
		7AFB521C0C9491A40066EBDC /* SearchWindow.nib in Resources */ = {isa = PBXBuildFile; fileRef = 7AFB521A0C9491A40066EBDC /* SearchWindow.nib */; };
		8D11072A0486CEB800E47090 /* MainMenu.nib in Resources */ = {isa = PBXBuildFile; fileRef = 29B97318FDCFA39411CA2CEA /* MainMenu.nib */; };
		8D11072D0486CEB800E47090 /* main.m in Sources */ = {isa = PBXBuildFile; fileRef = 29B97316FDCFA39411CA2CEA /* main.m */; settings = {ATTRIBUTES = (); }; };
		8D11072F0486CEB800E47090 /* Cocoa.framework in Frameworks */ = {isa = PBXBuildFile; fileRef = 1058C7A1FEA54F0111CA2CBB /* Cocoa.framework */; };
/* End PBXBuildFile section */

/* Begin PBXFileReference section */
		1058C7A1FEA54F0111CA2CBB /* Cocoa.framework */ = {isa = PBXFileReference; lastKnownFileType = wrapper.framework; name = Cocoa.framework; path = /System/Library/Frameworks/Cocoa.framework; sourceTree = "<absolute>"; };
		13E42FB307B3F0F600E4EEF1 /* CoreData.framework */ = {isa = PBXFileReference; lastKnownFileType = wrapper.framework; name = CoreData.framework; path = /System/Library/Frameworks/CoreData.framework; sourceTree = "<absolute>"; };
		29B97316FDCFA39411CA2CEA /* main.m */ = {isa = PBXFileReference; fileEncoding = 4; lastKnownFileType = sourcecode.c.objc; path = main.m; sourceTree = "<group>"; };
		29B97319FDCFA39411CA2CEA /* English */ = {isa = PBXFileReference; lastKnownFileType = wrapper.nib; name = English; path = English.lproj/MainMenu.nib; sourceTree = "<group>"; };
		29B97324FDCFA39411CA2CEA /* AppKit.framework */ = {isa = PBXFileReference; lastKnownFileType = wrapper.framework; name = AppKit.framework; path = /System/Library/Frameworks/AppKit.framework; sourceTree = "<absolute>"; };
		29B97325FDCFA39411CA2CEA /* Foundation.framework */ = {isa = PBXFileReference; lastKnownFileType = wrapper.framework; name = Foundation.framework; path = /System/Library/Frameworks/Foundation.framework; sourceTree = "<absolute>"; };
		32CA4F630368D1EE00C91783 /* iHaxGamez_Prefix.pch */ = {isa = PBXFileReference; fileEncoding = 4; lastKnownFileType = sourcecode.c.h; path = iHaxGamez_Prefix.pch; sourceTree = "<group>"; };
		7A3E07BF0C96C35500F885A7 /* License.txt */ = {isa = PBXFileReference; fileEncoding = 30; lastKnownFileType = text; path = License.txt; sourceTree = "<group>"; };
		7AE79E180C95CF6200E7D2B9 /* Security.framework */ = {isa = PBXFileReference; lastKnownFileType = wrapper.framework; name = Security.framework; path = /System/Library/Frameworks/Security.framework; sourceTree = "<absolute>"; };
		7AE79E190C95CF6200E7D2B9 /* SecurityFoundation.framework */ = {isa = PBXFileReference; lastKnownFileType = wrapper.framework; name = SecurityFoundation.framework; path = /System/Library/Frameworks/SecurityFoundation.framework; sourceTree = "<absolute>"; };
		7AFB51FD0C94903C0066EBDC /* AppAddressData.h */ = {isa = PBXFileReference; fileEncoding = 30; lastKnownFileType = sourcecode.c.h; path = AppAddressData.h; sourceTree = "<group>"; };
		7AFB51FE0C94903C0066EBDC /* AppAddressData.m */ = {isa = PBXFileReference; fileEncoding = 30; lastKnownFileType = sourcecode.c.objc; path = AppAddressData.m; sourceTree = "<group>"; };
		7AFB51FF0C94903C0066EBDC /* AppAddressDataSource.h */ = {isa = PBXFileReference; fileEncoding = 30; lastKnownFileType = sourcecode.c.h; path = AppAddressDataSource.h; sourceTree = "<group>"; };
		7AFB52000C94903C0066EBDC /* AppAddressDataSource.m */ = {isa = PBXFileReference; fileEncoding = 30; lastKnownFileType = sourcecode.c.objc; path = AppAddressDataSource.m; sourceTree = "<group>"; };
		7AFB52010C94903C0066EBDC /* AppController.h */ = {isa = PBXFileReference; fileEncoding = 30; lastKnownFileType = sourcecode.c.h; path = AppController.h; sourceTree = "<group>"; };
		7AFB52020C94903C0066EBDC /* AppController.m */ = {isa = PBXFileReference; fileEncoding = 30; lastKnownFileType = sourcecode.c.objc; path = AppController.m; sourceTree = "<group>"; };
		7AFB52030C94903C0066EBDC /* MainWindowController.h */ = {isa = PBXFileReference; fileEncoding = 30; lastKnownFileType = sourcecode.c.h; path = MainWindowController.h; sourceTree = "<group>"; };
		7AFB52040C94903C0066EBDC /* MainWindowController.m */ = {isa = PBXFileReference; fileEncoding = 30; lastKnownFileType = sourcecode.c.objc; path = MainWindowController.m; sourceTree = "<group>"; };
		7AFB52050C94903C0066EBDC /* MemoryAccess.h */ = {isa = PBXFileReference; fileEncoding = 30; lastKnownFileType = sourcecode.c.h; path = MemoryAccess.h; sourceTree = "<group>"; };
		7AFB52060C94903C0066EBDC /* MemoryAccess.m */ = {isa = PBXFileReference; fileEncoding = 30; lastKnownFileType = sourcecode.c.objc; path = MemoryAccess.m; sourceTree = "<group>"; };
		7AFB52070C94903C0066EBDC /* MyTableView.h */ = {isa = PBXFileReference; fileEncoding = 30; lastKnownFileType = sourcecode.c.h; path = MyTableView.h; sourceTree = "<group>"; };
		7AFB52080C94903C0066EBDC /* MyTableView.m */ = {isa = PBXFileReference; fileEncoding = 30; lastKnownFileType = sourcecode.c.objc; path = MyTableView.m; sourceTree = "<group>"; };
		7AFB52090C94903C0066EBDC /* SearchWindowController.h */ = {isa = PBXFileReference; fileEncoding = 30; lastKnownFileType = sourcecode.c.h; path = SearchWindowController.h; sourceTree = "<group>"; };
		7AFB520A0C94903C0066EBDC /* SearchWindowController.m */ = {isa = PBXFileReference; fileEncoding = 30; lastKnownFileType = sourcecode.c.objc; path = SearchWindowController.m; sourceTree = "<group>"; };
		7AFB521B0C9491A40066EBDC /* English */ = {isa = PBXFileReference; lastKnownFileType = wrapper.nib; name = English; path = English.lproj/SearchWindow.nib; sourceTree = "<group>"; };
		8D1107310486CEB800E47090 /* Info.plist */ = {isa = PBXFileReference; fileEncoding = 4; lastKnownFileType = text.xml; path = Info.plist; sourceTree = "<group>"; };
		8D1107320486CEB800E47090 /* iHaxGamez.app */ = {isa = PBXFileReference; includeInIndex = 0; lastKnownFileType = wrapper.application; path = iHaxGamez.app; sourceTree = BUILT_PRODUCTS_DIR; };
/* End PBXFileReference section */

/* Begin PBXFrameworksBuildPhase section */
		8D11072E0486CEB800E47090 /* Frameworks */ = {
			isa = PBXFrameworksBuildPhase;
			buildActionMask = 2147483647;
			files = (
				8D11072F0486CEB800E47090 /* Cocoa.framework in Frameworks */,
				7AE79E520C95CF6300E7D2B9 /* Security.framework in Frameworks */,
				7AE79E530C95CF6300E7D2B9 /* SecurityFoundation.framework in Frameworks */,
			);
			runOnlyForDeploymentPostprocessing = 0;
		};
/* End PBXFrameworksBuildPhase section */

/* Begin PBXGroup section */
		080E96DDFE201D6D7F000001 /* Classes */ = {
			isa = PBXGroup;
			children = (
				7AFB51FD0C94903C0066EBDC /* AppAddressData.h */,
				7AFB51FE0C94903C0066EBDC /* AppAddressData.m */,
				7AFB51FF0C94903C0066EBDC /* AppAddressDataSource.h */,
				7AFB52000C94903C0066EBDC /* AppAddressDataSource.m */,
				7AFB52010C94903C0066EBDC /* AppController.h */,
				7AFB52020C94903C0066EBDC /* AppController.m */,
				7AFB52030C94903C0066EBDC /* MainWindowController.h */,
				7AFB52040C94903C0066EBDC /* MainWindowController.m */,
				7AFB52050C94903C0066EBDC /* MemoryAccess.h */,
				7AFB52060C94903C0066EBDC /* MemoryAccess.m */,
				7AFB52070C94903C0066EBDC /* MyTableView.h */,
				7AFB52080C94903C0066EBDC /* MyTableView.m */,
				7AFB52090C94903C0066EBDC /* SearchWindowController.h */,
				7AFB520A0C94903C0066EBDC /* SearchWindowController.m */,
			);
			name = Classes;
			sourceTree = "<group>";
		};
		1058C7A0FEA54F0111CA2CBB /* Linked Frameworks */ = {
			isa = PBXGroup;
			children = (
				1058C7A1FEA54F0111CA2CBB /* Cocoa.framework */,
			);
			name = "Linked Frameworks";
			sourceTree = "<group>";
		};
		1058C7A2FEA54F0111CA2CBB /* Other Frameworks */ = {
			isa = PBXGroup;
			children = (
				29B97324FDCFA39411CA2CEA /* AppKit.framework */,
				13E42FB307B3F0F600E4EEF1 /* CoreData.framework */,
				29B97325FDCFA39411CA2CEA /* Foundation.framework */,
			);
			name = "Other Frameworks";
			sourceTree = "<group>";
		};
		19C28FACFE9D520D11CA2CBB /* Products */ = {
			isa = PBXGroup;
			children = (
				8D1107320486CEB800E47090 /* iHaxGamez.app */,
			);
			name = Products;
			sourceTree = "<group>";
		};
		29B97314FDCFA39411CA2CEA /* iHaxGamez */ = {
			isa = PBXGroup;
			children = (
				080E96DDFE201D6D7F000001 /* Classes */,
				29B97315FDCFA39411CA2CEA /* Other Sources */,
				29B97317FDCFA39411CA2CEA /* Resources */,
				29B97323FDCFA39411CA2CEA /* Frameworks */,
				19C28FACFE9D520D11CA2CBB /* Products */,
			);
			name = iHaxGamez;
			sourceTree = "<group>";
		};
		29B97315FDCFA39411CA2CEA /* Other Sources */ = {
			isa = PBXGroup;
			children = (
				32CA4F630368D1EE00C91783 /* iHaxGamez_Prefix.pch */,
				29B97316FDCFA39411CA2CEA /* main.m */,
			);
			name = "Other Sources";
			sourceTree = "<group>";
		};
		29B97317FDCFA39411CA2CEA /* Resources */ = {
			isa = PBXGroup;
			children = (
				7A3E07BF0C96C35500F885A7 /* License.txt */,
				7AFB521A0C9491A40066EBDC /* SearchWindow.nib */,
				8D1107310486CEB800E47090 /* Info.plist */,
				29B97318FDCFA39411CA2CEA /* MainMenu.nib */,
			);
			name = Resources;
			sourceTree = "<group>";
		};
		29B97323FDCFA39411CA2CEA /* Frameworks */ = {
			isa = PBXGroup;
			children = (
				7AE79E180C95CF6200E7D2B9 /* Security.framework */,
				7AE79E190C95CF6200E7D2B9 /* SecurityFoundation.framework */,
				1058C7A0FEA54F0111CA2CBB /* Linked Frameworks */,
				1058C7A2FEA54F0111CA2CBB /* Other Frameworks */,
			);
			name = Frameworks;
			sourceTree = "<group>";
		};
/* End PBXGroup section */

/* Begin PBXNativeTarget section */
		8D1107260486CEB800E47090 /* iHaxGamez */ = {
			isa = PBXNativeTarget;
			buildConfigurationList = C01FCF4A08A954540054247B /* Build configuration list for PBXNativeTarget "iHaxGamez" */;
			buildPhases = (
				8D1107290486CEB800E47090 /* Resources */,
				8D11072C0486CEB800E47090 /* Sources */,
				8D11072E0486CEB800E47090 /* Frameworks */,
			);
			buildRules = (
			);
			dependencies = (
			);
			name = iHaxGamez;
			productInstallPath = "$(HOME)/Applications";
			productName = iHaxGamez;
			productReference = 8D1107320486CEB800E47090 /* iHaxGamez.app */;
			productType = "com.apple.product-type.application";
		};
/* End PBXNativeTarget section */

/* Begin PBXProject section */
		29B97313FDCFA39411CA2CEA /* Project object */ = {
			isa = PBXProject;
			buildConfigurationList = C01FCF4E08A954540054247B /* Build configuration list for PBXProject "iHaxGamez" */;
			hasScannedForEncodings = 1;
			mainGroup = 29B97314FDCFA39411CA2CEA /* iHaxGamez */;
			projectDirPath = "";
			targets = (
				8D1107260486CEB800E47090 /* iHaxGamez */,
			);
		};
/* End PBXProject section */

/* Begin PBXResourcesBuildPhase section */
		8D1107290486CEB800E47090 /* Resources */ = {
			isa = PBXResourcesBuildPhase;
			buildActionMask = 2147483647;
			files = (
				8D11072A0486CEB800E47090 /* MainMenu.nib in Resources */,
				7AFB521C0C9491A40066EBDC /* SearchWindow.nib in Resources */,
				7A3E07C00C96C35500F885A7 /* License.txt in Resources */,
			);
			runOnlyForDeploymentPostprocessing = 0;
		};
/* End PBXResourcesBuildPhase section */

/* Begin PBXSourcesBuildPhase section */
		8D11072C0486CEB800E47090 /* Sources */ = {
			isa = PBXSourcesBuildPhase;
			buildActionMask = 2147483647;
			files = (
				8D11072D0486CEB800E47090 /* main.m in Sources */,
				7AFB520B0C94903C0066EBDC /* AppAddressData.m in Sources */,
				7AFB520C0C94903C0066EBDC /* AppAddressDataSource.m in Sources */,
				7AFB520D0C94903C0066EBDC /* AppController.m in Sources */,
				7AFB520E0C94903C0066EBDC /* MainWindowController.m in Sources */,
				7AFB520F0C94903C0066EBDC /* MemoryAccess.m in Sources */,
				7AFB52100C94903C0066EBDC /* MyTableView.m in Sources */,
				7AFB52110C94903C0066EBDC /* SearchWindowController.m in Sources */,
			);
			runOnlyForDeploymentPostprocessing = 0;
		};
/* End PBXSourcesBuildPhase section */

/* Begin PBXVariantGroup section */
		29B97318FDCFA39411CA2CEA /* MainMenu.nib */ = {
			isa = PBXVariantGroup;
			children = (
				29B97319FDCFA39411CA2CEA /* English */,
			);
			name = MainMenu.nib;
			sourceTree = "<group>";
		};
		7AFB521A0C9491A40066EBDC /* SearchWindow.nib */ = {
			isa = PBXVariantGroup;
			children = (
				7AFB521B0C9491A40066EBDC /* English */,
			);
			name = SearchWindow.nib;
			sourceTree = "<group>";
		};
/* End PBXVariantGroup section */

/* Begin XCBuildConfiguration section */
		C01FCF4B08A954540054247B /* Debug */ = {
			isa = XCBuildConfiguration;
			buildSettings = {
				COPY_PHASE_STRIP = NO;
				CURRENT_PROJECT_VERSION = 1.5.1;
				GCC_DYNAMIC_NO_PIC = NO;
				GCC_ENABLE_FIX_AND_CONTINUE = YES;
				GCC_MODEL_TUNING = G5;
				GCC_OPTIMIZATION_LEVEL = 0;
				INFOPLIST_FILE = Info.plist;
				INSTALL_PATH = "$(HOME)/Applications";
				PRODUCT_NAME = iHaxGamez;
				VERSIONING_SYSTEM = "apple-generic";
				WRAPPER_EXTENSION = app;
				ZERO_LINK = YES;
			};
			name = Debug;
		};
		C01FCF4C08A954540054247B /* Release */ = {
			isa = XCBuildConfiguration;
			buildSettings = {
				ARCHS = (
					ppc,
					i386,
				);
				CURRENT_PROJECT_VERSION = 1.5.1;
				GCC_GENERATE_DEBUGGING_SYMBOLS = NO;
				GCC_MODEL_TUNING = G5;
				INFOPLIST_FILE = Info.plist;
				INSTALL_PATH = "$(HOME)/Applications";
				PRODUCT_NAME = iHaxGamez;
				VERSIONING_SYSTEM = "apple-generic";
				WRAPPER_EXTENSION = app;
			};
			name = Release;
		};
		C01FCF4F08A954540054247B /* Debug */ = {
			isa = XCBuildConfiguration;
			buildSettings = {
				ARCHS = (
					ppc,
					i386,
				);
				GCC_WARN_ABOUT_RETURN_TYPE = YES;
				GCC_WARN_UNUSED_VARIABLE = YES;
				PREBINDING = NO;
				SDKROOT = /Developer/SDKs/MacOSX10.4u.sdk;
			};
			name = Debug;
		};
		C01FCF5008A954540054247B /* Release */ = {
			isa = XCBuildConfiguration;
			buildSettings = {
				ARCHS = (
					ppc,
					i386,
				);
				GCC_WARN_ABOUT_RETURN_TYPE = YES;
				GCC_WARN_UNUSED_VARIABLE = YES;
				PREBINDING = NO;
				SDKROOT = /Developer/SDKs/MacOSX10.4u.sdk;
			};
			name = Release;
		};
/* End XCBuildConfiguration section */

/* Begin XCConfigurationList section */
		C01FCF4A08A954540054247B /* Build configuration list for PBXNativeTarget "iHaxGamez" */ = {
			isa = XCConfigurationList;
			buildConfigurations = (
				C01FCF4B08A954540054247B /* Debug */,
				C01FCF4C08A954540054247B /* Release */,
			);
			defaultConfigurationIsVisible = 0;
			defaultConfigurationName = Release;
		};
		C01FCF4E08A954540054247B /* Build configuration list for PBXProject "iHaxGamez" */ = {
			isa = XCConfigurationList;
			buildConfigurations = (
				C01FCF4F08A954540054247B /* Debug */,
				C01FCF5008A954540054247B /* Release */,
			);
			defaultConfigurationIsVisible = 0;
			defaultConfigurationName = Release;
		};
/* End XCConfigurationList section */
	};
	rootObject = 29B97313FDCFA39411CA2CEA /* Project object */;
}
